Microsoft Visual Studio Solution File, Format Version 10.00
# Visual Studio 2008
Project("{8BC9CEB8-8B4A-11D0-8D11-00A0C91BC942}") = "Comm", "..\comm\Comm.vcproj", "{AD481406-6693-4EC6-A825-BD1E214D4199}"
EndProject
Project("{8BC9CEB8-8B4A-11D0-8D11-00A0C91BC942}") = "Common", "..\COMMON\Common.vcproj", "{CDD1965F-6884-436A-9631-F8CAD3169C1B}"
EndProject
Project("{8BC9CEB8-8B4A-11D0-8D11-00A0C91BC942}") = "GameBaseCodeMT", "..\GAMEBASECODEMT\GameBaseCodeMT.vcproj", "{6B37AC71-3F58-405C-B1F3-D7E7C0988832}"
EndProject
Project("{8BC9CEB8-8B4A-11D0-8D11-00A0C91BC942}") = "MapData", "..\MAPDATA\MapData.vcproj", "{350119BA-A71D-4863-B359-1F7B66629566}"
EndProject
Project("{8BC9CEB8-8B4A-11D0-8D11-00A0C91BC942}") = "MapGroupKernel", "MAPGROUPKERNEL\MapGroupKernel.vcproj", "{AB3B08A4-C308-439E-9036-553CEDDA41A4}"
EndProject
Project("{8BC9CEB8-8B4A-11D0-8D11-00A0C91BC942}") = "MsgServer", "MsgServer.vcproj", "{04CDB2DC-A331-465F-B29E-90EB94815DE5}"
	ProjectSection(ProjectDependencies) = postProject
		{AD481406-6693-4EC6-A825-BD1E214D4199} = {AD481406-6693-4EC6-A825-BD1E214D4199}
		{CDD1965F-6884-436A-9631-F8CAD3169C1B} = {CDD1965F-6884-436A-9631-F8CAD3169C1B}
		{6B37AC71-3F58-405C-B1F3-D7E7C0988832} = {6B37AC71-3F58-405C-B1F3-D7E7C0988832}
		{A1B87E79-02B4-4053-90E9-C9476F1327E1} = {A1B87E79-02B4-4053-90E9-C9476F1327E1}
		{9E6135A2-68FF-47C6-B267-241D1E5288D7} = {9E6135A2-68FF-47C6-B267-241D1E5288D7}
		{AB3B08A4-C308-439E-9036-553CEDDA41A4} = {AB3B08A4-C308-439E-9036-553CEDDA41A4}
		{350119BA-A71D-4863-B359-1F7B66629566} = {350119BA-A71D-4863-B359-1F7B66629566}
		{AA9DB7FD-3EA5-4F2E-A503-1A93ADBA355B} = {AA9DB7FD-3EA5-4F2E-A503-1A93ADBA355B}
	EndProjectSection
EndProject
Project("{8BC9CEB8-8B4A-11D0-8D11-00A0C91BC942}") = "ServerSocket", "serversocket\ServerSocket.vcproj", "{AA9DB7FD-3EA5-4F2E-A503-1A93ADBA355B}"
EndProject
Project("{8BC9CEB8-8B4A-11D0-8D11-00A0C91BC942}") = "WorldKernel", "WORLDKERNEL\WorldKernel.vcproj", "{9E6135A2-68FF-47C6-B267-241D1E5288D7}"
EndProject
Project("{8BC9CEB8-8B4A-11D0-8D11-00A0C91BC942}") = "LuaPlusLib", "..\..\..\SDK\luaplus5.1\build\LuaPlusLib.vcproj", "{A1B87E79-02B4-4053-90E9-C9476F1327E1}"
EndProject
Global
	GlobalSection(SolutionConfigurationPlatforms) = preSolution
		AshRelease|Win32 = AshRelease|Win32
		Debug|Win32 = Debug|Win32
		MinSizeRel|Win32 = MinSizeRel|Win32
		Release|Win32 = Release|Win32
		RelWithDebInfo|Win32 = RelWithDebInfo|Win32
	EndGlobalSection
	GlobalSection(ProjectConfigurationPlatforms) = postSolution
		{AD481406-6693-4EC6-A825-BD1E214D4199}.AshRelease|Win32.ActiveCfg = AshRelease|Win32
		{AD481406-6693-4EC6-A825-BD1E214D4199}.AshRelease|Win32.Build.0 = AshRelease|Win32
		{AD481406-6693-4EC6-A825-BD1E214D4199}.Debug|Win32.ActiveCfg = Debug|Win32
		{AD481406-6693-4EC6-A825-BD1E214D4199}.Debug|Win32.Build.0 = Debug|Win32
		{AD481406-6693-4EC6-A825-BD1E214D4199}.MinSizeRel|Win32.ActiveCfg = Release|Win32
		{AD481406-6693-4EC6-A825-BD1E214D4199}.MinSizeRel|Win32.Build.0 = Release|Win32
		{AD481406-6693-4EC6-A825-BD1E214D4199}.Release|Win32.ActiveCfg = Release|Win32
		{AD481406-6693-4EC6-A825-BD1E214D4199}.Release|Win32.Build.0 = Release|Win32
		{AD481406-6693-4EC6-A825-BD1E214D4199}.RelWithDebInfo|Win32.ActiveCfg = Release|Win32
		{AD481406-6693-4EC6-A825-BD1E214D4199}.RelWithDebInfo|Win32.Build.0 = Release|Win32
		{CDD1965F-6884-436A-9631-F8CAD3169C1B}.AshRelease|Win32.ActiveCfg = AshRelease|Win32
		{CDD1965F-6884-436A-9631-F8CAD3169C1B}.AshRelease|Win32.Build.0 = AshRelease|Win32
		{CDD1965F-6884-436A-9631-F8CAD3169C1B}.Debug|Win32.ActiveCfg = Debug|Win32
		{CDD1965F-6884-436A-9631-F8CAD3169C1B}.Debug|Win32.Build.0 = Debug|Win32
		{CDD1965F-6884-436A-9631-F8CAD3169C1B}.MinSizeRel|Win32.ActiveCfg = AshRelease|Win32
		{CDD1965F-6884-436A-9631-F8CAD3169C1B}.MinSizeRel|Win32.Build.0 = AshRelease|Win32
		{CDD1965F-6884-436A-9631-F8CAD3169C1B}.Release|Win32.ActiveCfg = Release|Win32
		{CDD1965F-6884-436A-9631-F8CAD3169C1B}.Release|Win32.Build.0 = Release|Win32
		{CDD1965F-6884-436A-9631-F8CAD3169C1B}.RelWithDebInfo|Win32.ActiveCfg = Release|Win32
		{CDD1965F-6884-436A-9631-F8CAD3169C1B}.RelWithDebInfo|Win32.Build.0 = Release|Win32
		{6B37AC71-3F58-405C-B1F3-D7E7C0988832}.AshRelease|Win32.ActiveCfg = AshRelease|Win32
		{6B37AC71-3F58-405C-B1F3-D7E7C0988832}.AshRelease|Win32.Build.0 = AshRelease|Win32
		{6B37AC71-3F58-405C-B1F3-D7E7C0988832}.Debug|Win32.ActiveCfg = Debug|Win32
		{6B37AC71-3F58-405C-B1F3-D7E7C0988832}.Debug|Win32.Build.0 = Debug|Win32
		{6B37AC71-3F58-405C-B1F3-D7E7C0988832}.MinSizeRel|Win32.ActiveCfg = AshRelease|Win32
		{6B37AC71-3F58-405C-B1F3-D7E7C0988832}.MinSizeRel|Win32.Build.0 = AshRelease|Win32
		{6B37AC71-3F58-405C-B1F3-D7E7C0988832}.Release|Win32.ActiveCfg = Release|Win32
		{6B37AC71-3F58-405C-B1F3-D7E7C0988832}.Release|Win32.Build.0 = Release|Win32
		{6B37AC71-3F58-405C-B1F3-D7E7C0988832}.RelWithDebInfo|Win32.ActiveCfg = Release|Win32
		{6B37AC71-3F58-405C-B1F3-D7E7C0988832}.RelWithDebInfo|Win32.Build.0 = Release|Win32
		{350119BA-A71D-4863-B359-1F7B66629566}.AshRelease|Win32.ActiveCfg = AshRelease|Win32
		{350119BA-A71D-4863-B359-1F7B66629566}.AshRelease|Win32.Build.0 = AshRelease|Win32
		{350119BA-A71D-4863-B359-1F7B66629566}.Debug|Win32.ActiveCfg = Debug|Win32
		{350119BA-A71D-4863-B359-1F7B66629566}.Debug|Win32.Build.0 = Debug|Win32
		{350119BA-A71D-4863-B359-1F7B66629566}.MinSizeRel|Win32.ActiveCfg = Release|Win32
		{350119BA-A71D-4863-B359-1F7B66629566}.MinSizeRel|Win32.Build.0 = Release|Win32
		{350119BA-A71D-4863-B359-1F7B66629566}.Release|Win32.ActiveCfg = Release|Win32
		{350119BA-A71D-4863-B359-1F7B66629566}.Release|Win32.Build.0 = Release|Win32
		{350119BA-A71D-4863-B359-1F7B66629566}.RelWithDebInfo|Win32.ActiveCfg = Release|Win32
		{350119BA-A71D-4863-B359-1F7B66629566}.RelWithDebInfo|Win32.Build.0 = Release|Win32
		{AB3B08A4-C308-439E-9036-553CEDDA41A4}.AshRelease|Win32.ActiveCfg = AshRelease|Win32
		{AB3B08A4-C308-439E-9036-553CEDDA41A4}.AshRelease|Win32.Build.0 = AshRelease|Win32
		{AB3B08A4-C308-439E-9036-553CEDDA41A4}.Debug|Win32.ActiveCfg = Debug|Win32
		{AB3B08A4-C308-439E-9036-553CEDDA41A4}.Debug|Win32.Build.0 = Debug|Win32
		{AB3B08A4-C308-439E-9036-553CEDDA41A4}.MinSizeRel|Win32.ActiveCfg = Release|Win32
		{AB3B08A4-C308-439E-9036-553CEDDA41A4}.MinSizeRel|Win32.Build.0 = Release|Win32
		{AB3B08A4-C308-439E-9036-553CEDDA41A4}.Release|Win32.ActiveCfg = Release|Win32
		{AB3B08A4-C308-439E-9036-553CEDDA41A4}.Release|Win32.Build.0 = Release|Win32
		{AB3B08A4-C308-439E-9036-553CEDDA41A4}.RelWithDebInfo|Win32.ActiveCfg = Release|Win32
		{AB3B08A4-C308-439E-9036-553CEDDA41A4}.RelWithDebInfo|Win32.Build.0 = Release|Win32
		{04CDB2DC-A331-465F-B29E-90EB94815DE5}.AshRelease|Win32.ActiveCfg = AshRelease|Win32
		{04CDB2DC-A331-465F-B29E-90EB94815DE5}.AshRelease|Win32.Build.0 = AshRelease|Win32
		{04CDB2DC-A331-465F-B29E-90EB94815DE5}.Debug|Win32.ActiveCfg = Debug|Win32
		{04CDB2DC-A331-465F-B29E-90EB94815DE5}.Debug|Win32.Build.0 = Debug|Win32
		{04CDB2DC-A331-465F-B29E-90EB94815DE5}.MinSizeRel|Win32.ActiveCfg = Debug|Win32
		{04CDB2DC-A331-465F-B29E-90EB94815DE5}.MinSizeRel|Win32.Build.0 = Debug|Win32
		{04CDB2DC-A331-465F-B29E-90EB94815DE5}.Release|Win32.ActiveCfg = Release|Win32
		{04CDB2DC-A331-465F-B29E-90EB94815DE5}.Release|Win32.Build.0 = Release|Win32
		{04CDB2DC-A331-465F-B29E-90EB94815DE5}.RelWithDebInfo|Win32.ActiveCfg = Release|Win32
		{04CDB2DC-A331-465F-B29E-90EB94815DE5}.RelWithDebInfo|Win32.Build.0 = Release|Win32
		{AA9DB7FD-3EA5-4F2E-A503-1A93ADBA355B}.AshRelease|Win32.ActiveCfg = AshRelease|Win32
		{AA9DB7FD-3EA5-4F2E-A503-1A93ADBA355B}.AshRelease|Win32.Build.0 = AshRelease|Win32
		{AA9DB7FD-3EA5-4F2E-A503-1A93ADBA355B}.Debug|Win32.ActiveCfg = Debug|Win32
		{AA9DB7FD-3EA5-4F2E-A503-1A93ADBA355B}.Debug|Win32.Build.0 = Debug|Win32
		{AA9DB7FD-3EA5-4F2E-A503-1A93ADBA355B}.MinSizeRel|Win32.ActiveCfg = Release|Win32
		{AA9DB7FD-3EA5-4F2E-A503-1A93ADBA355B}.MinSizeRel|Win32.Build.0 = Release|Win32
		{AA9DB7FD-3EA5-4F2E-A503-1A93ADBA355B}.Release|Win32.ActiveCfg = Release|Win32
		{AA9DB7FD-3EA5-4F2E-A503-1A93ADBA355B}.Release|Win32.Build.0 = Release|Win32
		{AA9DB7FD-3EA5-4F2E-A503-1A93ADBA355B}.RelWithDebInfo|Win32.ActiveCfg = Release|Win32
		{AA9DB7FD-3EA5-4F2E-A503-1A93ADBA355B}.RelWithDebInfo|Win32.Build.0 = Release|Win32
		{9E6135A2-68FF-47C6-B267-241D1E5288D7}.AshRelease|Win32.ActiveCfg = AshRelease|Win32
		{9E6135A2-68FF-47C6-B267-241D1E5288D7}.AshRelease|Win32.Build.0 = AshRelease|Win32
		{9E6135A2-68FF-47C6-B267-241D1E5288D7}.Debug|Win32.ActiveCfg = Debug|Win32
		{9E6135A2-68FF-47C6-B267-241D1E5288D7}.Debug|Win32.Build.0 = Debug|Win32
		{9E6135A2-68FF-47C6-B267-241D1E5288D7}.MinSizeRel|Win32.ActiveCfg = Debug|Win32
		{9E6135A2-68FF-47C6-B267-241D1E5288D7}.MinSizeRel|Win32.Build.0 = Debug|Win32
		{9E6135A2-68FF-47C6-B267-241D1E5288D7}.Release|Win32.ActiveCfg = Release|Win32
		{9E6135A2-68FF-47C6-B267-241D1E5288D7}.Release|Win32.Build.0 = Release|Win32
		{9E6135A2-68FF-47C6-B267-241D1E5288D7}.RelWithDebInfo|Win32.ActiveCfg = Release|Win32
		{9E6135A2-68FF-47C6-B267-241D1E5288D7}.RelWithDebInfo|Win32.Build.0 = Release|Win32
		{A1B87E79-02B4-4053-90E9-C9476F1327E1}.AshRelease|Win32.ActiveCfg = Release|Win32
		{A1B87E79-02B4-4053-90E9-C9476F1327E1}.AshRelease|Win32.Build.0 = Release|Win32
		{A1B87E79-02B4-4053-90E9-C9476F1327E1}.Debug|Win32.ActiveCfg = Debug|Win32
		{A1B87E79-02B4-4053-90E9-C9476F1327E1}.Debug|Win32.Build.0 = Debug|Win32
		{A1B87E79-02B4-4053-90E9-C9476F1327E1}.MinSizeRel|Win32.ActiveCfg = MinSizeRel|Win32
		{A1B87E79-02B4-4053-90E9-C9476F1327E1}.MinSizeRel|Win32.Build.0 = MinSizeRel|Win32
		{A1B87E79-02B4-4053-90E9-C9476F1327E1}.Release|Win32.ActiveCfg = Release|Win32
		{A1B87E79-02B4-4053-90E9-C9476F1327E1}.Release|Win32.Build.0 = Release|Win32
		{A1B87E79-02B4-4053-90E9-C9476F1327E1}.RelWithDebInfo|Win32.ActiveCfg = RelWithDebInfo|Win32
		{A1B87E79-02B4-4053-90E9-C9476F1327E1}.RelWithDebInfo|Win32.Build.0 = RelWithDebInfo|Win32
	EndGlobalSection
	GlobalSection(SolutionProperties) = preSolution
		HideSolutionNode = FALSE
	EndGlobalSection
EndGlobal
